// !$*UTF8*$!
{
	archiveVersion = 1;
	classes = {
	};
	objectVersion = 48;
	objects = {

/* Begin PBXBuildFile section */
		17B53AFC1FA9083C00DDD115 /* AppDelegate.swift in Sources */ = {isa = PBXBuildFile; fileRef = 17B53AFB1FA9083C00DDD115 /* AppDelegate.swift */; };
		17B53AFE1FA9083C00DDD115 /* ViewController.swift in Sources */ = {isa = PBXBuildFile; fileRef = 17B53AFD1FA9083C00DDD115 /* ViewController.swift */; };
		17B53B011FA9083C00DDD115 /* Main.storyboard in Resources */ = {isa = PBXBuildFile; fileRef = 17B53AFF1FA9083C00DDD115 /* Main.storyboard */; };
		17B53B031FA9083C00DDD115 /* Assets.xcassets in Resources */ = {isa = PBXBuildFile; fileRef = 17B53B021FA9083C00DDD115 /* Assets.xcassets */; };
		17B53B061FA9083C00DDD115 /* LaunchScreen.storyboard in Resources */ = {isa = PBXBuildFile; fileRef = 17B53B041FA9083C00DDD115 /* LaunchScreen.storyboard */; };
/* End PBXBuildFile section */

/* Begin PBXFileReference section */
		17B53AF81FA9083C00DDD115 /* Swipes & Shakes.app */ = {isa = PBXFileReference; explicitFileType = wrapper.application; includeInIndex = 0; path = "Swipes & Shakes.app"; sourceTree = BUILT_PRODUCTS_DIR; };
		17B53AFB1FA9083C00DDD115 /* AppDelegate.swift */ = {isa = PBXFileReference; lastKnownFileType = sourcecode.swift; path = AppDelegate.swift; sourceTree = "<group>"; };
		17B53AFD1FA9083C00DDD115 /* ViewController.swift */ = {isa = PBXFileReference; lastKnownFileType = sourcecode.swift; path = ViewController.swift; sourceTree = "<group>"; };
		17B53B001FA9083C00DDD115 /* Base */ = {isa = PBXFileReference; lastKnownFileType = file.storyboard; name = Base; path = Base.lproj/Main.storyboard; sourceTree = "<group>"; };
		17B53B021FA9083C00DDD115 /* Assets.xcassets */ = {isa = PBXFileReference; lastKnownFileType = folder.assetcatalog; path = Assets.xcassets; sourceTree = "<group>"; };
		17B53B051FA9083C00DDD115 /* Base */ = {isa = PBXFileReference; lastKnownFileType = file.storyboard; name = Base; path = Base.lproj/LaunchScreen.storyboard; sourceTree = "<group>"; };
		17B53B071FA9083C00DDD115 /* Info.plist */ = {isa = PBXFileReference; lastKnownFileType = text.plist.xml; path = Info.plist; sourceTree = "<group>"; };
/* End PBXFileReference section */

/* Begin PBXFrameworksBuildPhase section */
		17B53AF51FA9083C00DDD115 /* Frameworks */ = {
			isa = PBXFrameworksBuildPhase;
			buildActionMask = 2147483647;
			files = (
			);
			runOnlyForDeploymentPostprocessing = 0;
		};
/* End PBXFrameworksBuildPhase section */

/* Begin PBXGroup section */
		17B53AEF1FA9083C00DDD115 = {
			isa = PBXGroup;
			children = (
				17B53AFA1FA9083C00DDD115 /* Swipes & Shakes */,
				17B53AF91FA9083C00DDD115 /* Products */,
			);
			sourceTree = "<group>";
		};
		17B53AF91FA9083C00DDD115 /* Products */ = {
			isa = PBXGroup;
			children = (
				17B53AF81FA9083C00DDD115 /* Swipes & Shakes.app */,
			);
			name = Products;
			sourceTree = "<group>";
		};
		17B53AFA1FA9083C00DDD115 /* Swipes & Shakes */ = {
			isa = PBXGroup;
			children = (
				17B53AFB1FA9083C00DDD115 /* AppDelegate.swift */,
				17B53AFD1FA9083C00DDD115 /* ViewController.swift */,
				17B53AFF1FA9083C00DDD115 /* Main.storyboard */,
				17B53B021FA9083C00DDD115 /* Assets.xcassets */,
				17B53B041FA9083C00DDD115 /* LaunchScreen.storyboard */,
				17B53B071FA9083C00DDD115 /* Info.plist */,
			);
			path = "Swipes & Shakes";
			sourceTree = "<group>";
		};
/* End PBXGroup section */

/* Begin PBXNativeTarget section */
		17B53AF71FA9083C00DDD115 /* Swipes & Shakes */ = {
			isa = PBXNativeTarget;
			buildConfigurationList = 17B53B0A1FA9083C00DDD115 /* Build configuration list for PBXNativeTarget "Swipes & Shakes" */;
			buildPhases = (
				17B53AF41FA9083C00DDD115 /* Sources */,
				17B53AF51FA9083C00DDD115 /* Frameworks */,
				17B53AF61FA9083C00DDD115 /* Resources */,
			);
			buildRules = (
			);
			dependencies = (
			);
			name = "Swipes & Shakes";
			productName = "Swipes & Shakes";
			productReference = 17B53AF81FA9083C00DDD115 /* Swipes & Shakes.app */;
			productType = "com.apple.product-type.application";
		};
/* End PBXNativeTarget section */

/* Begin PBXProject section */
		17B53AF01FA9083C00DDD115 /* Project object */ = {
			isa = PBXProject;
			attributes = {
				LastSwiftUpdateCheck = 0900;
				LastUpgradeCheck = 0900;
				ORGANIZATIONNAME = tinpu;
				TargetAttributes = {
					17B53AF71FA9083C00DDD115 = {
						CreatedOnToolsVersion = 9.0;
						ProvisioningStyle = Automatic;
					};
				};
			};
			buildConfigurationList = 17B53AF31FA9083C00DDD115 /* Build configuration list for PBXProject "Swipes & Shakes" */;
			compatibilityVersion = "Xcode 8.0";
			developmentRegion = en;
			hasScannedForEncodings = 0;
			knownRegions = (
				en,
				Base,
			);
			mainGroup = 17B53AEF1FA9083C00DDD115;
			productRefGroup = 17B53AF91FA9083C00DDD115 /* Products */;
			projectDirPath = "";
			projectRoot = "";
			targets = (
				17B53AF71FA9083C00DDD115 /* Swipes & Shakes */,
			);
		};
/* End PBXProject section */

/* Begin PBXResourcesBuildPhase section */
		17B53AF61FA9083C00DDD115 /* Resources */ = {
			isa = PBXResourcesBuildPhase;
			buildActionMask = 2147483647;
			files = (
				17B53B061FA9083C00DDD115 /* LaunchScreen.storyboard in Resources */,
				17B53B031FA9083C00DDD115 /* Assets.xcassets in Resources */,
				17B53B011FA9083C00DDD115 /* Main.storyboard in Resources */,
			);
			runOnlyForDeploymentPostprocessing = 0;
		};
/* End PBXResourcesBuildPhase section */

/* Begin PBXSourcesBuildPhase section */
		17B53AF41FA9083C00DDD115 /* Sources */ = {
			isa = PBXSourcesBuildPhase;
			buildActionMask = 2147483647;
			files = (
				17B53AFE1FA9083C00DDD115 /* ViewController.swift in Sources */,
				17B53AFC1FA9083C00DDD115 /* AppDelegate.swift in Sources */,
			);
			runOnlyForDeploymentPostprocessing = 0;
		};
/* End PBXSourcesBuildPhase section */

/* Begin PBXVariantGroup section */
		17B53AFF1FA9083C00DDD115 /* Main.storyboard */ = {
			isa = PBXVariantGroup;
			children = (
				17B53B001FA9083C00DDD115 /* Base */,
			);
			name = Main.storyboard;
			sourceTree = "<group>";
		};
		17B53B041FA9083C00DDD115 /* LaunchScreen.storyboard */ = {
			isa = PBXVariantGroup;
			children = (
				17B53B051FA9083C00DDD115 /* Base */,
			);
			name = LaunchScreen.storyboard;
			sourceTree = "<group>";
		};
/* End PBXVariantGroup section */

/* Begin XCBuildConfiguration section */
		17B53B081FA9083C00DDD115 /* Debug */ = {
			isa = XCBuildConfiguration;
			buildSettings = {
				ALWAYS_SEARCH_USER_PATHS = NO;
				CLANG_ANALYZER_NONNULL = YES;
				CLANG_ANALYZER_NUMBER_OBJECT_CONVERSION = YES_AGGRESSIVE;
				CLANG_CXX_LANGUAGE_STANDARD = "gnu++14";
				CLANG_CXX_LIBRARY = "libc++";
				CLANG_ENABLE_MODULES = YES;
				CLANG_ENABLE_OBJC_ARC = YES;
				CLANG_WARN_BLOCK_CAPTURE_AUTORELEASING = YES;
				CLANG_WARN_BOOL_CONVERSION = YES;
				CLANG_WARN_COMMA = YES;
				CLANG_WARN_CONSTANT_CONVERSION = YES;
				CLANG_WARN_DIRECT_OBJC_ISA_USAGE = YES_ERROR;
				CLANG_WARN_DOCUMENTATION_COMMENTS = YES;
				CLANG_WARN_EMPTY_BODY = YES;
				CLANG_WARN_ENUM_CONVERSION = YES;
				CLANG_WARN_INFINITE_RECURSION = YES;
				CLANG_WARN_INT_CONVERSION = YES;
				CLANG_WARN_NON_LITERAL_NULL_CONVERSION = YES;
				CLANG_WARN_OBJC_LITERAL_CONVERSION = YES;
				CLANG_WARN_OBJC_ROOT_CLASS = YES_ERROR;
				CLANG_WARN_RANGE_LOOP_ANALYSIS = YES;
				CLANG_WARN_STRICT_PROTOTYPES = YES;
				CLANG_WARN_SUSPICIOUS_MOVE = YES;
				CLANG_WARN_UNGUARDED_AVAILABILITY = YES_AGGRESSIVE;
				CLANG_WARN_UNREACHABLE_CODE = YES;
				CLANG_WARN__DUPLICATE_METHOD_MATCH = YES;
				CODE_SIGN_IDENTITY = "iPhone Developer";
				COPY_PHASE_STRIP = NO;
				DEBUG_INFORMATION_FORMAT = dwarf;
				ENABLE_STRICT_OBJC_MSGSEND = YES;
				ENABLE_TESTABILITY = YES;
				GCC_C_LANGUAGE_STANDARD = gnu11;
				GCC_DYNAMIC_NO_PIC = NO;
				GCC_NO_COMMON_BLOCKS = YES;
				GCC_OPTIMIZATION_LEVEL = 0;
				GCC_PREPROCESSOR_DEFINITIONS = (
					"DEBUG=1",
					"$(inherited)",
				);
				GCC_WARN_64_TO_32_BIT_CONVERSION = YES;
				GCC_WARN_ABOUT_RETURN_TYPE = YES_ERROR;
				GCC_WARN_UNDECLARED_SELECTOR = YES;
				GCC_WARN_UNINITIALIZED_AUTOS = YES_AGGRESSIVE;
				GCC_WARN_UNUSED_FUNCTION = YES;
				GCC_WARN_UNUSED_VARIABLE = YES;
				IPHONEOS_DEPLOYMENT_TARGET = 11.0;
				MTL_ENABLE_DEBUG_INFO = YES;
				ONLY_ACTIVE_ARCH = YES;
				SDKROOT = iphoneos;
				SWIFT_ACTIVE_COMPILATION_CONDITIONS = DEBUG;
				SWIFT_OPTIMIZATION_LEVEL = "-Onone";
			};
			name = Debug;
		};
		17B53B091FA9083C00DDD115 /* Release */ = {
			isa = XCBuildConfiguration;
			buildSettings = {
				ALWAYS_SEARCH_USER_PATHS = NO;
				CLANG_ANALYZER_NONNULL = YES;
				CLANG_ANALYZER_NUMBER_OBJECT_CONVERSION = YES_AGGRESSIVE;
				CLANG_CXX_LANGUAGE_STANDARD = "gnu++14";
				CLANG_CXX_LIBRARY = "libc++";
				CLANG_ENABLE_MODULES = YES;
				CLANG_ENABLE_OBJC_ARC = YES;
				CLANG_WARN_BLOCK_CAPTURE_AUTORELEASING = YES;
				CLANG_WARN_BOOL_CONVERSION = YES;
				CLANG_WARN_COMMA = YES;
				CLANG_WARN_CONSTANT_CONVERSION = YES;
				CLANG_WARN_DIRECT_OBJC_ISA_USAGE = YES_ERROR;
				CLANG_WARN_DOCUMENTATION_COMMENTS = YES;
				CLANG_WARN_EMPTY_BODY = YES;
				CLANG_WARN_ENUM_CONVERSION = YES;
				CLANG_WARN_INFINITE_RECURSION = YES;
				CLANG_WARN_INT_CONVERSION = YES;
				CLANG_WARN_NON_LITERAL_NULL_CONVERSION = YES;
				CLANG_WARN_OBJC_LITERAL_CONVERSION = YES;
				CLANG_WARN_OBJC_ROOT_CLASS = YES_ERROR;
				CLANG_WARN_RANGE_LOOP_ANALYSIS = YES;
				CLANG_WARN_STRICT_PROTOTYPES = YES;
				CLANG_WARN_SUSPICIOUS_MOVE = YES;
				CLANG_WARN_UNGUARDED_AVAILABILITY = YES_AGGRESSIVE;
				CLANG_WARN_UNREACHABLE_CODE = YES;
				CLANG_WARN__DUPLICATE_METHOD_MATCH = YES;
				CODE_SIGN_IDENTITY = "iPhone Developer";
				COPY_PHASE_STRIP = NO;
				DEBUG_INFORMATION_FORMAT = "dwarf-with-dsym";
				ENABLE_NS_ASSERTIONS = NO;
				ENABLE_STRICT_OBJC_MSGSEND = YES;
				GCC_C_LANGUAGE_STANDARD = gnu11;
				GCC_NO_COMMON_BLOCKS = YES;
				GCC_WARN_64_TO_32_BIT_CONVERSION = YES;
				GCC_WARN_ABOUT_RETURN_TYPE = YES_ERROR;
				GCC_WARN_UNDECLARED_SELECTOR = YES;
				GCC_WARN_UNINITIALIZED_AUTOS = YES_AGGRESSIVE;
				GCC_WARN_UNUSED_FUNCTION = YES;
				GCC_WARN_UNUSED_VARIABLE = YES;
				IPHONEOS_DEPLOYMENT_TARGET = 11.0;
				MTL_ENABLE_DEBUG_INFO = NO;
				SDKROOT = iphoneos;
				SWIFT_OPTIMIZATION_LEVEL = "-Owholemodule";
				VALIDATE_PRODUCT = YES;
			};
			name = Release;
		};
		17B53B0B1FA9083C00DDD115 /* Debug */ = {
			isa = XCBuildConfiguration;
			buildSettings = {
				ASSETCATALOG_COMPILER_APPICON_NAME = AppIcon;
				CODE_SIGN_STYLE = Automatic;
				DEVELOPMENT_TEAM = M43QD7WU95;
				INFOPLIST_FILE = "Swipes & Shakes/Info.plist";
				LD_RUNPATH_SEARCH_PATHS = "$(inherited) @executable_path/Frameworks";
				PRODUCT_BUNDLE_IDENTIFIER = "com.tinpu.Swipes---Shakes";
				PRODUCT_NAME = "$(TARGET_NAME)";
				SWIFT_VERSION = 4.0;
				TARGETED_DEVICE_FAMILY = "1,2";
			};
			name = Debug;
		};
		17B53B0C1FA9083C00DDD115 /* Release */ = {
			isa = XCBuildConfiguration;
			buildSettings = {
				ASSETCATALOG_COMPILER_APPICON_NAME = AppIcon;
				CODE_SIGN_STYLE = Automatic;
				DEVELOPMENT_TEAM = M43QD7WU95;
				INFOPLIST_FILE = "Swipes & Shakes/Info.plist";
				LD_RUNPATH_SEARCH_PATHS = "$(inherited) @executable_path/Frameworks";
				PRODUCT_BUNDLE_IDENTIFIER = "com.tinpu.Swipes---Shakes";
				PRODUCT_NAME = "$(TARGET_NAME)";
				SWIFT_VERSION = 4.0;
				TARGETED_DEVICE_FAMILY = "1,2";
			};
			name = Release;
		};
/* End XCBuildConfiguration section */

/* Begin XCConfigurationList section */
		17B53AF31FA9083C00DDD115 /* Build configuration list for PBXProject "Swipes & Shakes" */ = {
			isa = XCConfigurationList;
			buildConfigurations = (
				17B53B081FA9083C00DDD115 /* Debug */,
				17B53B091FA9083C00DDD115 /* Release */,
			);
			defaultConfigurationIsVisible = 0;
			defaultConfigurationName = Release;
		};
		17B53B0A1FA9083C00DDD115 /* Build configuration list for PBXNativeTarget "Swipes & Shakes" */ = {
			isa = XCConfigurationList;
			buildConfigurations = (
				17B53B0B1FA9083C00DDD115 /* Debug */,
				17B53B0C1FA9083C00DDD115 /* Release */,
			);
			defaultConfigurationIsVisible = 0;
			defaultConfigurationName = Release;
		};
/* End XCConfigurationList section */
	};
	rootObject = 17B53AF01FA9083C00DDD115 /* Project object */;
}
